// !$*UTF8*$!
{
	archiveVersion = 1;
	classes = {
	};
	objectVersion = 56;
	objects = {

/* Begin PBXBuildFile section */
		619B514B2BA3FB0C00ED352A /* emojicounterApp.swift in Sources */ = {isa = PBXBuildFile; fileRef = 619B514A2BA3FB0C00ED352A /* emojicounterApp.swift */; };
		619B514D2BA3FB0C00ED352A /* ContentView.swift in Sources */ = {isa = PBXBuildFile; fileRef = 619B514C2BA3FB0C00ED352A /* ContentView.swift */; };
		619B514F2BA3FB0E00ED352A /* Assets.xcassets in Resources */ = {isa = PBXBuildFile; fileRef = 619B514E2BA3FB0E00ED352A /* Assets.xcassets */; };
		619B51522BA3FB0E00ED352A /* Preview Assets.xcassets in Resources */ = {isa = PBXBuildFile; fileRef = 619B51512BA3FB0E00ED352A /* Preview Assets.xcassets */; };
		619B515C2BA3FB0F00ED352A /* emojicounterTests.swift in Sources */ = {isa = PBXBuildFile; fileRef = 619B515B2BA3FB0F00ED352A /* emojicounterTests.swift */; };
		619B51662BA3FB0F00ED352A /* emojicounterUITests.swift in Sources */ = {isa = PBXBuildFile; fileRef = 619B51652BA3FB0F00ED352A /* emojicounterUITests.swift */; };
		619B51682BA3FB0F00ED352A /* emojicounterUITestsLaunchTests.swift in Sources */ = {isa = PBXBuildFile; fileRef = 619B51672BA3FB0F00ED352A /* emojicounterUITestsLaunchTests.swift */; };
/* End PBXBuildFile section */

/* Begin PBXContainerItemProxy section */
		619B51582BA3FB0E00ED352A /* PBXContainerItemProxy */ = {
			isa = PBXContainerItemProxy;
			containerPortal = 619B513F2BA3FB0C00ED352A /* Project object */;
			proxyType = 1;
			remoteGlobalIDString = 619B51462BA3FB0C00ED352A;
			remoteInfo = emojicounter;
		};
		619B51622BA3FB0F00ED352A /* PBXContainerItemProxy */ = {
			isa = PBXContainerItemProxy;
			containerPortal = 619B513F2BA3FB0C00ED352A /* Project object */;
			proxyType = 1;
			remoteGlobalIDString = 619B51462BA3FB0C00ED352A;
			remoteInfo = emojicounter;
		};
/* End PBXContainerItemProxy section */

/* Begin PBXFileReference section */
		619B51472BA3FB0C00ED352A /* emojicounter.app */ = {isa = PBXFileReference; explicitFileType = wrapper.application; includeInIndex = 0; path = emojicounter.app; sourceTree = BUILT_PRODUCTS_DIR; };
		619B514A2BA3FB0C00ED352A /* emojicounterApp.swift */ = {isa = PBXFileReference; lastKnownFileType = sourcecode.swift; path = emojicounterApp.swift; sourceTree = "<group>"; };
		619B514C2BA3FB0C00ED352A /* ContentView.swift */ = {isa = PBXFileReference; lastKnownFileType = sourcecode.swift; path = ContentView.swift; sourceTree = "<group>"; };
		619B514E2BA3FB0E00ED352A /* Assets.xcassets */ = {isa = PBXFileReference; lastKnownFileType = folder.assetcatalog; path = Assets.xcassets; sourceTree = "<group>"; };
		619B51512BA3FB0E00ED352A /* Preview Assets.xcassets */ = {isa = PBXFileReference; lastKnownFileType = folder.assetcatalog; path = "Preview Assets.xcassets"; sourceTree = "<group>"; };
		619B51572BA3FB0E00ED352A /* emojicounterTests.xctest */ = {isa = PBXFileReference; explicitFileType = wrapper.cfbundle; includeInIndex = 0; path = emojicounterTests.xctest; sourceTree = BUILT_PRODUCTS_DIR; };
		619B515B2BA3FB0F00ED352A /* emojicounterTests.swift */ = {isa = PBXFileReference; lastKnownFileType = sourcecode.swift; path = emojicounterTests.swift; sourceTree = "<group>"; };
		619B51612BA3FB0F00ED352A /* emojicounterUITests.xctest */ = {isa = PBXFileReference; explicitFileType = wrapper.cfbundle; includeInIndex = 0; path = emojicounterUITests.xctest; sourceTree = BUILT_PRODUCTS_DIR; };
		619B51652BA3FB0F00ED352A /* emojicounterUITests.swift */ = {isa = PBXFileReference; lastKnownFileType = sourcecode.swift; path = emojicounterUITests.swift; sourceTree = "<group>"; };
		619B51672BA3FB0F00ED352A /* emojicounterUITestsLaunchTests.swift */ = {isa = PBXFileReference; lastKnownFileType = sourcecode.swift; path = emojicounterUITestsLaunchTests.swift; sourceTree = "<group>"; };
/* End PBXFileReference section */

/* Begin PBXFrameworksBuildPhase section */
		619B51442BA3FB0C00ED352A /* Frameworks */ = {
			isa = PBXFrameworksBuildPhase;
			buildActionMask = 2147483647;
			files = (
			);
			runOnlyForDeploymentPostprocessing = 0;
		};
		619B51542BA3FB0E00ED352A /* Frameworks */ = {
			isa = PBXFrameworksBuildPhase;
			buildActionMask = 2147483647;
			files = (
			);
			runOnlyForDeploymentPostprocessing = 0;
		};
		619B515E2BA3FB0F00ED352A /* Frameworks */ = {
			isa = PBXFrameworksBuildPhase;
			buildActionMask = 2147483647;
			files = (
			);
			runOnlyForDeploymentPostprocessing = 0;
		};
/* End PBXFrameworksBuildPhase section */

/* Begin PBXGroup section */
		619B513E2BA3FB0C00ED352A = {
			isa = PBXGroup;
			children = (
				619B51492BA3FB0C00ED352A /* emojicounter */,
				619B515A2BA3FB0F00ED352A /* emojicounterTests */,
				619B51642BA3FB0F00ED352A /* emojicounterUITests */,
				619B51482BA3FB0C00ED352A /* Products */,
			);
			sourceTree = "<group>";
		};
		619B51482BA3FB0C00ED352A /* Products */ = {
			isa = PBXGroup;
			children = (
				619B51472BA3FB0C00ED352A /* emojicounter.app */,
				619B51572BA3FB0E00ED352A /* emojicounterTests.xctest */,
				619B51612BA3FB0F00ED352A /* emojicounterUITests.xctest */,
			);
			name = Products;
			sourceTree = "<group>";
		};
		619B51492BA3FB0C00ED352A /* emojicounter */ = {
			isa = PBXGroup;
			children = (
				619B514A2BA3FB0C00ED352A /* emojicounterApp.swift */,
				619B514C2BA3FB0C00ED352A /* ContentView.swift */,
				619B514E2BA3FB0E00ED352A /* Assets.xcassets */,
				619B51502BA3FB0E00ED352A /* Preview Content */,
			);
			path = emojicounter;
			sourceTree = "<group>";
		};
		619B51502BA3FB0E00ED352A /* Preview Content */ = {
			isa = PBXGroup;
			children = (
				619B51512BA3FB0E00ED352A /* Preview Assets.xcassets */,
			);
			path = "Preview Content";
			sourceTree = "<group>";
		};
		619B515A2BA3FB0F00ED352A /* emojicounterTests */ = {
			isa = PBXGroup;
			children = (
				619B515B2BA3FB0F00ED352A /* emojicounterTests.swift */,
			);
			path = emojicounterTests;
			sourceTree = "<group>";
		};
		619B51642BA3FB0F00ED352A /* emojicounterUITests */ = {
			isa = PBXGroup;
			children = (
				619B51652BA3FB0F00ED352A /* emojicounterUITests.swift */,
				619B51672BA3FB0F00ED352A /* emojicounterUITestsLaunchTests.swift */,
			);
			path = emojicounterUITests;
			sourceTree = "<group>";
		};
/* End PBXGroup section */

/* Begin PBXNativeTarget section */
		619B51462BA3FB0C00ED352A /* emojicounter */ = {
			isa = PBXNativeTarget;
			buildConfigurationList = 619B516B2BA3FB0F00ED352A /* Build configuration list for PBXNativeTarget "emojicounter" */;
			buildPhases = (
				619B51432BA3FB0C00ED352A /* Sources */,
				619B51442BA3FB0C00ED352A /* Frameworks */,
				619B51452BA3FB0C00ED352A /* Resources */,
			);
			buildRules = (
			);
			dependencies = (
			);
			name = emojicounter;
			productName = emojicounter;
			productReference = 619B51472BA3FB0C00ED352A /* emojicounter.app */;
			productType = "com.apple.product-type.application";
		};
		619B51562BA3FB0E00ED352A /* emojicounterTests */ = {
			isa = PBXNativeTarget;
			buildConfigurationList = 619B516E2BA3FB0F00ED352A /* Build configuration list for PBXNativeTarget "emojicounterTests" */;
			buildPhases = (
				619B51532BA3FB0E00ED352A /* Sources */,
				619B51542BA3FB0E00ED352A /* Frameworks */,
				619B51552BA3FB0E00ED352A /* Resources */,
			);
			buildRules = (
			);
			dependencies = (
				619B51592BA3FB0E00ED352A /* PBXTargetDependency */,
			);
			name = emojicounterTests;
			productName = emojicounterTests;
			productReference = 619B51572BA3FB0E00ED352A /* emojicounterTests.xctest */;
			productType = "com.apple.product-type.bundle.unit-test";
		};
		619B51602BA3FB0F00ED352A /* emojicounterUITests */ = {
			isa = PBXNativeTarget;
			buildConfigurationList = 619B51712BA3FB0F00ED352A /* Build configuration list for PBXNativeTarget "emojicounterUITests" */;
			buildPhases = (
				619B515D2BA3FB0F00ED352A /* Sources */,
				619B515E2BA3FB0F00ED352A /* Frameworks */,
				619B515F2BA3FB0F00ED352A /* Resources */,
			);
			buildRules = (
			);
			dependencies = (
				619B51632BA3FB0F00ED352A /* PBXTargetDependency */,
			);
			name = emojicounterUITests;
			productName = emojicounterUITests;
			productReference = 619B51612BA3FB0F00ED352A /* emojicounterUITests.xctest */;
			productType = "com.apple.product-type.bundle.ui-testing";
		};
/* End PBXNativeTarget section */

/* Begin PBXProject section */
		619B513F2BA3FB0C00ED352A /* Project object */ = {
			isa = PBXProject;
			attributes = {
				BuildIndependentTargetsInParallel = 1;
				LastSwiftUpdateCheck = 1520;
				LastUpgradeCheck = 1520;
				TargetAttributes = {
					619B51462BA3FB0C00ED352A = {
						CreatedOnToolsVersion = 15.2;
					};
					619B51562BA3FB0E00ED352A = {
						CreatedOnToolsVersion = 15.2;
						TestTargetID = 619B51462BA3FB0C00ED352A;
					};
					619B51602BA3FB0F00ED352A = {
						CreatedOnToolsVersion = 15.2;
						TestTargetID = 619B51462BA3FB0C00ED352A;
					};
				};
			};
			buildConfigurationList = 619B51422BA3FB0C00ED352A /* Build configuration list for PBXProject "emojicounter" */;
			compatibilityVersion = "Xcode 14.0";
			developmentRegion = en;
			hasScannedForEncodings = 0;
			knownRegions = (
				en,
				Base,
			);
			mainGroup = 619B513E2BA3FB0C00ED352A;
			productRefGroup = 619B51482BA3FB0C00ED352A /* Products */;
			projectDirPath = "";
			projectRoot = "";
			targets = (
				619B51462BA3FB0C00ED352A /* emojicounter */,
				619B51562BA3FB0E00ED352A /* emojicounterTests */,
				619B51602BA3FB0F00ED352A /* emojicounterUITests */,
			);
		};
/* End PBXProject section */

/* Begin PBXResourcesBuildPhase section */
		619B51452BA3FB0C00ED352A /* Resources */ = {
			isa = PBXResourcesBuildPhase;
			buildActionMask = 2147483647;
			files = (
				619B51522BA3FB0E00ED352A /* Preview Assets.xcassets in Resources */,
				619B514F2BA3FB0E00ED352A /* Assets.xcassets in Resources */,
			);
			runOnlyForDeploymentPostprocessing = 0;
		};
		619B51552BA3FB0E00ED352A /* Resources */ = {
			isa = PBXResourcesBuildPhase;
			buildActionMask = 2147483647;
			files = (
			);
			runOnlyForDeploymentPostprocessing = 0;
		};
		619B515F2BA3FB0F00ED352A /* Resources */ = {
			isa = PBXResourcesBuildPhase;
			buildActionMask = 2147483647;
			files = (
			);
			runOnlyForDeploymentPostprocessing = 0;
		};
/* End PBXResourcesBuildPhase section */

/* Begin PBXSourcesBuildPhase section */
		619B51432BA3FB0C00ED352A /* Sources */ = {
			isa = PBXSourcesBuildPhase;
			buildActionMask = 2147483647;
			files = (
				619B514D2BA3FB0C00ED352A /* ContentView.swift in Sources */,
				619B514B2BA3FB0C00ED352A /* emojicounterApp.swift in Sources */,
			);
			runOnlyForDeploymentPostprocessing = 0;
		};
		619B51532BA3FB0E00ED352A /* Sources */ = {
			isa = PBXSourcesBuildPhase;
			buildActionMask = 2147483647;
			files = (
				619B515C2BA3FB0F00ED352A /* emojicounterTests.swift in Sources */,
			);
			runOnlyForDeploymentPostprocessing = 0;
		};
		619B515D2BA3FB0F00ED352A /* Sources */ = {
			isa = PBXSourcesBuildPhase;
			buildActionMask = 2147483647;
			files = (
				619B51682BA3FB0F00ED352A /* emojicounterUITestsLaunchTests.swift in Sources */,
				619B51662BA3FB0F00ED352A /* emojicounterUITests.swift in Sources */,
			);
			runOnlyForDeploymentPostprocessing = 0;
		};
/* End PBXSourcesBuildPhase section */

/* Begin PBXTargetDependency section */
		619B51592BA3FB0E00ED352A /* PBXTargetDependency */ = {
			isa = PBXTargetDependency;
			target = 619B51462BA3FB0C00ED352A /* emojicounter */;
			targetProxy = 619B51582BA3FB0E00ED352A /* PBXContainerItemProxy */;
		};
		619B51632BA3FB0F00ED352A /* PBXTargetDependency */ = {
			isa = PBXTargetDependency;
			target = 619B51462BA3FB0C00ED352A /* emojicounter */;
			targetProxy = 619B51622BA3FB0F00ED352A /* PBXContainerItemProxy */;
		};
/* End PBXTargetDependency section */

/* Begin XCBuildConfiguration section */
		619B51692BA3FB0F00ED352A /* Debug */ = {
			isa = XCBuildConfiguration;
			buildSettings = {
				ALWAYS_SEARCH_USER_PATHS = NO;
				ASSETCATALOG_COMPILER_GENERATE_SWIFT_ASSET_SYMBOL_EXTENSIONS = YES;
				CLANG_ANALYZER_NONNULL = YES;
				CLANG_ANALYZER_NUMBER_OBJECT_CONVERSION = YES_AGGRESSIVE;
				CLANG_CXX_LANGUAGE_STANDARD = "gnu++20";
				CLANG_ENABLE_MODULES = YES;
				CLANG_ENABLE_OBJC_ARC = YES;
				CLANG_ENABLE_OBJC_WEAK = YES;
				CLANG_WARN_BLOCK_CAPTURE_AUTORELEASING = YES;
				CLANG_WARN_BOOL_CONVERSION = YES;
				CLANG_WARN_COMMA = YES;
				CLANG_WARN_CONSTANT_CONVERSION = YES;
				CLANG_WARN_DEPRECATED_OBJC_IMPLEMENTATIONS = YES;
				CLANG_WARN_DIRECT_OBJC_ISA_USAGE = YES_ERROR;
				CLANG_WARN_DOCUMENTATION_COMMENTS = YES;
				CLANG_WARN_EMPTY_BODY = YES;
				CLANG_WARN_ENUM_CONVERSION = YES;
				CLANG_WARN_INFINITE_RECURSION = YES;
				CLANG_WARN_INT_CONVERSION = YES;
				CLANG_WARN_NON_LITERAL_NULL_CONVERSION = YES;
				CLANG_WARN_OBJC_IMPLICIT_RETAIN_SELF = YES;
				CLANG_WARN_OBJC_LITERAL_CONVERSION = YES;
				CLANG_WARN_OBJC_ROOT_CLASS = YES_ERROR;
				CLANG_WARN_QUOTED_INCLUDE_IN_FRAMEWORK_HEADER = YES;
				CLANG_WARN_RANGE_LOOP_ANALYSIS = YES;
				CLANG_WARN_STRICT_PROTOTYPES = YES;
				CLANG_WARN_SUSPICIOUS_MOVE = YES;
				CLANG_WARN_UNGUARDED_AVAILABILITY = YES_AGGRESSIVE;
				CLANG_WARN_UNREACHABLE_CODE = YES;
				CLANG_WARN__DUPLICATE_METHOD_MATCH = YES;
				COPY_PHASE_STRIP = NO;
				DEBUG_INFORMATION_FORMAT = dwarf;
				ENABLE_STRICT_OBJC_MSGSEND = YES;
				ENABLE_TESTABILITY = YES;
				ENABLE_USER_SCRIPT_SANDBOXING = YES;
				GCC_C_LANGUAGE_STANDARD = gnu17;
				GCC_DYNAMIC_NO_PIC = NO;
				GCC_NO_COMMON_BLOCKS = YES;
				GCC_OPTIMIZATION_LEVEL = 0;
				GCC_PREPROCESSOR_DEFINITIONS = (
					"DEBUG=1",
					"$(inherited)",
				);
				GCC_WARN_64_TO_32_BIT_CONVERSION = YES;
				GCC_WARN_ABOUT_RETURN_TYPE = YES_ERROR;
				GCC_WARN_UNDECLARED_SELECTOR = YES;
				GCC_WARN_UNINITIALIZED_AUTOS = YES_AGGRESSIVE;
				GCC_WARN_UNUSED_FUNCTION = YES;
				GCC_WARN_UNUSED_VARIABLE = YES;
				IPHONEOS_DEPLOYMENT_TARGET = 17.2;
				LOCALIZATION_PREFERS_STRING_CATALOGS = YES;
				MTL_ENABLE_DEBUG_INFO = INCLUDE_SOURCE;
				MTL_FAST_MATH = YES;
				ONLY_ACTIVE_ARCH = YES;
				SDKROOT = iphoneos;
				SWIFT_ACTIVE_COMPILATION_CONDITIONS = "DEBUG $(inherited)";
				SWIFT_OPTIMIZATION_LEVEL = "-Onone";
			};
			name = Debug;
		};
		619B516A2BA3FB0F00ED352A /* Release */ = {
			isa = XCBuildConfiguration;
			buildSettings = {
				ALWAYS_SEARCH_USER_PATHS = NO;
				ASSETCATALOG_COMPILER_GENERATE_SWIFT_ASSET_SYMBOL_EXTENSIONS = YES;
				CLANG_ANALYZER_NONNULL = YES;
				CLANG_ANALYZER_NUMBER_OBJECT_CONVERSION = YES_AGGRESSIVE;
				CLANG_CXX_LANGUAGE_STANDARD = "gnu++20";
				CLANG_ENABLE_MODULES = YES;
				CLANG_ENABLE_OBJC_ARC = YES;
				CLANG_ENABLE_OBJC_WEAK = YES;
				CLANG_WARN_BLOCK_CAPTURE_AUTORELEASING = YES;
				CLANG_WARN_BOOL_CONVERSION = YES;
				CLANG_WARN_COMMA = YES;
				CLANG_WARN_CONSTANT_CONVERSION = YES;
				CLANG_WARN_DEPRECATED_OBJC_IMPLEMENTATIONS = YES;
				CLANG_WARN_DIRECT_OBJC_ISA_USAGE = YES_ERROR;
				CLANG_WARN_DOCUMENTATION_COMMENTS = YES;
				CLANG_WARN_EMPTY_BODY = YES;
				CLANG_WARN_ENUM_CONVERSION = YES;
				CLANG_WARN_INFINITE_RECURSION = YES;
				CLANG_WARN_INT_CONVERSION = YES;
				CLANG_WARN_NON_LITERAL_NULL_CONVERSION = YES;
				CLANG_WARN_OBJC_IMPLICIT_RETAIN_SELF = YES;
				CLANG_WARN_OBJC_LITERAL_CONVERSION = YES;
				CLANG_WARN_OBJC_ROOT_CLASS = YES_ERROR;
				CLANG_WARN_QUOTED_INCLUDE_IN_FRAMEWORK_HEADER = YES;
				CLANG_WARN_RANGE_LOOP_ANALYSIS = YES;
				CLANG_WARN_STRICT_PROTOTYPES = YES;
				CLANG_WARN_SUSPICIOUS_MOVE = YES;
				CLANG_WARN_UNGUARDED_AVAILABILITY = YES_AGGRESSIVE;
				CLANG_WARN_UNREACHABLE_CODE = YES;
				CLANG_WARN__DUPLICATE_METHOD_MATCH = YES;
				COPY_PHASE_STRIP = NO;
				DEBUG_INFORMATION_FORMAT = "dwarf-with-dsym";
				ENABLE_NS_ASSERTIONS = NO;
				ENABLE_STRICT_OBJC_MSGSEND = YES;
				ENABLE_USER_SCRIPT_SANDBOXING = YES;
				GCC_C_LANGUAGE_STANDARD = gnu17;
				GCC_NO_COMMON_BLOCKS = YES;
				GCC_WARN_64_TO_32_BIT_CONVERSION = YES;
				GCC_WARN_ABOUT_RETURN_TYPE = YES_ERROR;
				GCC_WARN_UNDECLARED_SELECTOR = YES;
				GCC_WARN_UNINITIALIZED_AUTOS = YES_AGGRESSIVE;
				GCC_WARN_UNUSED_FUNCTION = YES;
				GCC_WARN_UNUSED_VARIABLE = YES;
				IPHONEOS_DEPLOYMENT_TARGET = 17.2;
				LOCALIZATION_PREFERS_STRING_CATALOGS = YES;
				MTL_ENABLE_DEBUG_INFO = NO;
				MTL_FAST_MATH = YES;
				SDKROOT = iphoneos;
				SWIFT_COMPILATION_MODE = wholemodule;
				VALIDATE_PRODUCT = YES;
			};
			name = Release;
		};
		619B516C2BA3FB0F00ED352A /* Debug */ = {
			isa = XCBuildConfiguration;
			buildSettings = {
				ASSETCATALOG_COMPILER_APPICON_NAME = AppIcon;
				ASSETCATALOG_COMPILER_GLOBAL_ACCENT_COLOR_NAME = AccentColor;
				CODE_SIGN_STYLE = Automatic;
				CURRENT_PROJECT_VERSION = 1;
				DEVELOPMENT_ASSET_PATHS = "\"emojicounter/Preview Content\"";
				ENABLE_PREVIEWS = YES;
				GENERATE_INFOPLIST_FILE = YES;
				INFOPLIST_KEY_UIApplicationSceneManifest_Generation = YES;
				INFOPLIST_KEY_UIApplicationSupportsIndirectInputEvents = YES;
				INFOPLIST_KEY_UILaunchScreen_Generation = YES;
				INFOPLIST_KEY_UISupportedInterfaceOrientations_iPad = "UIInterfaceOrientationPortrait UIInterfaceOrientationPortraitUpsideDown UIInterfaceOrientationLandscapeLeft UIInterfaceOrientationLandscapeRight";
				INFOPLIST_KEY_UISupportedInterfaceOrientations_iPhone = "UIInterfaceOrientationPortrait UIInterfaceOrientationLandscapeLeft UIInterfaceOrientationLandscapeRight";
				LD_RUNPATH_SEARCH_PATHS = (
					"$(inherited)",
					"@executable_path/Frameworks",
				);
				MARKETING_VERSION = 1.0;
				PRODUCT_BUNDLE_IDENTIFIER = edu.auburn.sms0157.emojicounter;
				PRODUCT_NAME = "$(TARGET_NAME)";
				SWIFT_EMIT_LOC_STRINGS = YES;
				SWIFT_VERSION = 5.0;
				TARGETED_DEVICE_FAMILY = "1,2";
			};
			name = Debug;
		};
		619B516D2BA3FB0F00ED352A /* Release */ = {
			isa = XCBuildConfiguration;
			buildSettings = {
				ASSETCATALOG_COMPILER_APPICON_NAME = AppIcon;
				ASSETCATALOG_COMPILER_GLOBAL_ACCENT_COLOR_NAME = AccentColor;
				CODE_SIGN_STYLE = Automatic;
				CURRENT_PROJECT_VERSION = 1;
				DEVELOPMENT_ASSET_PATHS = "\"emojicounter/Preview Content\"";
				ENABLE_PREVIEWS = YES;
				GENERATE_INFOPLIST_FILE = YES;
				INFOPLIST_KEY_UIApplicationSceneManifest_Generation = YES;
				INFOPLIST_KEY_UIApplicationSupportsIndirectInputEvents = YES;
				INFOPLIST_KEY_UILaunchScreen_Generation = YES;
				INFOPLIST_KEY_UISupportedInterfaceOrientations_iPad = "UIInterfaceOrientationPortrait UIInterfaceOrientationPortraitUpsideDown UIInterfaceOrientationLandscapeLeft UIInterfaceOrientationLandscapeRight";
				INFOPLIST_KEY_UISupportedInterfaceOrientations_iPhone = "UIInterfaceOrientationPortrait UIInterfaceOrientationLandscapeLeft UIInterfaceOrientationLandscapeRight";
				LD_RUNPATH_SEARCH_PATHS = (
					"$(inherited)",
					"@executable_path/Frameworks",
				);
				MARKETING_VERSION = 1.0;
				PRODUCT_BUNDLE_IDENTIFIER = edu.auburn.sms0157.emojicounter;
				PRODUCT_NAME = "$(TARGET_NAME)";
				SWIFT_EMIT_LOC_STRINGS = YES;
				SWIFT_VERSION = 5.0;
				TARGETED_DEVICE_FAMILY = "1,2";
			};
			name = Release;
		};
		619B516F2BA3FB0F00ED352A /* Debug */ = {
			isa = XCBuildConfiguration;
			buildSettings = {
				ALWAYS_EMBED_SWIFT_STANDARD_LIBRARIES = YES;
				BUNDLE_LOADER = "$(TEST_HOST)";
				CODE_SIGN_STYLE = Automatic;
				CURRENT_PROJECT_VERSION = 1;
				GENERATE_INFOPLIST_FILE = YES;
				IPHONEOS_DEPLOYMENT_TARGET = 17.2;
				MARKETING_VERSION = 1.0;
				PRODUCT_BUNDLE_IDENTIFIER = edu.auburn.sms0157.emojicounterTests;
				PRODUCT_NAME = "$(TARGET_NAME)";
				SWIFT_EMIT_LOC_STRINGS = NO;
				SWIFT_VERSION = 5.0;
				TARGETED_DEVICE_FAMILY = "1,2";
				TEST_HOST = "$(BUILT_PRODUCTS_DIR)/emojicounter.app/$(BUNDLE_EXECUTABLE_FOLDER_PATH)/emojicounter";
			};
			name = Debug;
		};
		619B51702BA3FB0F00ED352A /* Release */ = {
			isa = XCBuildConfiguration;
			buildSettings = {
				ALWAYS_EMBED_SWIFT_STANDARD_LIBRARIES = YES;
				BUNDLE_LOADER = "$(TEST_HOST)";
				CODE_SIGN_STYLE = Automatic;
				CURRENT_PROJECT_VERSION = 1;
				GENERATE_INFOPLIST_FILE = YES;
				IPHONEOS_DEPLOYMENT_TARGET = 17.2;
				MARKETING_VERSION = 1.0;
				PRODUCT_BUNDLE_IDENTIFIER = edu.auburn.sms0157.emojicounterTests;
				PRODUCT_NAME = "$(TARGET_NAME)";
				SWIFT_EMIT_LOC_STRINGS = NO;
				SWIFT_VERSION = 5.0;
				TARGETED_DEVICE_FAMILY = "1,2";
				TEST_HOST = "$(BUILT_PRODUCTS_DIR)/emojicounter.app/$(BUNDLE_EXECUTABLE_FOLDER_PATH)/emojicounter";
			};
			name = Release;
		};
		619B51722BA3FB0F00ED352A /* Debug */ = {
			isa = XCBuildConfiguration;
			buildSettings = {
				ALWAYS_EMBED_SWIFT_STANDARD_LIBRARIES = YES;
				CODE_SIGN_STYLE = Automatic;
				CURRENT_PROJECT_VERSION = 1;
				GENERATE_INFOPLIST_FILE = YES;
				MARKETING_VERSION = 1.0;
				PRODUCT_BUNDLE_IDENTIFIER = edu.auburn.sms0157.emojicounterUITests;
				PRODUCT_NAME = "$(TARGET_NAME)";
				SWIFT_EMIT_LOC_STRINGS = NO;
				SWIFT_VERSION = 5.0;
				TARGETED_DEVICE_FAMILY = "1,2";
				TEST_TARGET_NAME = emojicounter;
			};
			name = Debug;
		};
		619B51732BA3FB0F00ED352A /* Release */ = {
			isa = XCBuildConfiguration;
			buildSettings = {
				ALWAYS_EMBED_SWIFT_STANDARD_LIBRARIES = YES;
				CODE_SIGN_STYLE = Automatic;
				CURRENT_PROJECT_VERSION = 1;
				GENERATE_INFOPLIST_FILE = YES;
				MARKETING_VERSION = 1.0;
				PRODUCT_BUNDLE_IDENTIFIER = edu.auburn.sms0157.emojicounterUITests;
				PRODUCT_NAME = "$(TARGET_NAME)";
				SWIFT_EMIT_LOC_STRINGS = NO;
				SWIFT_VERSION = 5.0;
				TARGETED_DEVICE_FAMILY = "1,2";
				TEST_TARGET_NAME = emojicounter;
			};
			name = Release;
		};
/* End XCBuildConfiguration section */

/* Begin XCConfigurationList section */
		619B51422BA3FB0C00ED352A /* Build configuration list for PBXProject "emojicounter" */ = {
			isa = XCConfigurationList;
			buildConfigurations = (
				619B51692BA3FB0F00ED352A /* Debug */,
				619B516A2BA3FB0F00ED352A /* Release */,
			);
			defaultConfigurationIsVisible = 0;
			defaultConfigurationName = Release;
		};
		619B516B2BA3FB0F00ED352A /* Build configuration list for PBXNativeTarget "emojicounter" */ = {
			isa = XCConfigurationList;
			buildConfigurations = (
				619B516C2BA3FB0F00ED352A /* Debug */,
				619B516D2BA3FB0F00ED352A /* Release */,
			);
			defaultConfigurationIsVisible = 0;
			defaultConfigurationName = Release;
		};
		619B516E2BA3FB0F00ED352A /* Build configuration list for PBXNativeTarget "emojicounterTests" */ = {
			isa = XCConfigurationList;
			buildConfigurations = (
				619B516F2BA3FB0F00ED352A /* Debug */,
				619B51702BA3FB0F00ED352A /* Release */,
			);
			defaultConfigurationIsVisible = 0;
			defaultConfigurationName = Release;
		};
		619B51712BA3FB0F00ED352A /* Build configuration list for PBXNativeTarget "emojicounterUITests" */ = {
			isa = XCConfigurationList;
			buildConfigurations = (
				619B51722BA3FB0F00ED352A /* Debug */,
				619B51732BA3FB0F00ED352A /* Release */,
			);
			defaultConfigurationIsVisible = 0;
			defaultConfigurationName = Release;
		};
/* End XCConfigurationList section */
	};
	rootObject = 619B513F2BA3FB0C00ED352A /* Project object */;
}
